// !$*UTF8*$!
{
	archiveVersion = 1;
	classes = {
	};
	objectVersion = 46;
	objects = {

/* Begin PBXBuildFile section */
		03E8B41907BB62CB868F3D23 /* ContentView.swift in Sources */ = {isa = PBXBuildFile; fileRef = 915330F870419DA6ACA4DD78 /* ContentView.swift */; };
		07B455C6D867E1914593210F /* Assets.xcassets in Resources */ = {isa = PBXBuildFile; fileRef = D5A5EDAD9F4D9F91133D4B8B /* Assets.xcassets */; };
		08806EF932632A479D7A66EB /* ContentView.swift in Sources */ = {isa = PBXBuildFile; fileRef = 915330F870419DA6ACA4DD78 /* ContentView.swift */; };
		0913AE7CD9F1DCF221E41D85 /* GoogleMobileAds in Frameworks */ = {isa = PBXBuildFile; productRef = 9CE45CF04AB8E47B160A43E8 /* GoogleMobileAds */; };
		0D985E86B89C78AE63C7F602 /* Foundation.framework in Frameworks */ = {isa = PBXBuildFile; fileRef = FF1F7408E7B03F0303D4EE19 /* Foundation.framework */; };
		0E7D1CEA5FF25191978359CA /* Assets.xcassets in Resources */ = {isa = PBXBuildFile; fileRef = D5A5EDAD9F4D9F91133D4B8B /* Assets.xcassets */; };
		104A685FE969E732B4D1F97C /* BoardCoordinate.swift in Sources */ = {isa = PBXBuildFile; fileRef = 299193E49E8B548FFA090E78 /* BoardCoordinate.swift */; };
		1E8A55C1D5042FD8F830B0A8 /* ChineseCheckerApp.swift in Sources */ = {isa = PBXBuildFile; fileRef = 9300B824A8909C90C52B2FFA /* ChineseCheckerApp.swift */; };
		2527287208C754BEC18AB0EA /* ChineseCheckerApp.swift in Sources */ = {isa = PBXBuildFile; fileRef = 9300B824A8909C90C52B2FFA /* ChineseCheckerApp.swift */; };
		336F8A78E04BB70C1CFB27C8 /* GameModels.swift in Sources */ = {isa = PBXBuildFile; fileRef = EA2167CF7C7686C8ABDA651B /* GameModels.swift */; };
		3D42B6E4E42766F4993FFB33 /* BoardCoordinate.swift in Sources */ = {isa = PBXBuildFile; fileRef = 299193E49E8B548FFA090E78 /* BoardCoordinate.swift */; };
		4E21F506BAECCAA561557BD2 /* ChineseCheckerApp.swift in Sources */ = {isa = PBXBuildFile; fileRef = 9300B824A8909C90C52B2FFA /* ChineseCheckerApp.swift */; };
		52638F4B73D1257DEB9B7F33 /* ChineseCheckerGame.swift in Sources */ = {isa = PBXBuildFile; fileRef = EEE1688F0B2028DCAAD4C375 /* ChineseCheckerGame.swift */; };
		53223B6C474A591AD9C5FE48 /* BoardView.swift in Sources */ = {isa = PBXBuildFile; fileRef = 1ADAE33825E1BCF6F4E74EBA /* BoardView.swift */; };
		5686FB5B95E26AE9D91A9B7A /* ContentView.swift in Sources */ = {isa = PBXBuildFile; fileRef = 915330F870419DA6ACA4DD78 /* ContentView.swift */; };
		569F5334B36EF39811376630 /* Foundation.framework in Frameworks */ = {isa = PBXBuildFile; fileRef = 61E107BA967240638CBD9503 /* Foundation.framework */; };
		5829163FBA5D5063F1FA07A0 /* BoardCoordinate.swift in Sources */ = {isa = PBXBuildFile; fileRef = 299193E49E8B548FFA090E78 /* BoardCoordinate.swift */; };
		59E453705F25390A19AC581E /* Foundation.framework in Frameworks */ = {isa = PBXBuildFile; fileRef = 3B6E48C446C2AAC8B2264742 /* Foundation.framework */; };
		5A20A38BEC12FA45E8857915 /* Assets.xcassets in Resources */ = {isa = PBXBuildFile; fileRef = D5A5EDAD9F4D9F91133D4B8B /* Assets.xcassets */; };
		5BD3D57D14F0D96E931874F6 /* LiteAdBannerView.swift in Sources */ = {isa = PBXBuildFile; fileRef = 217B44835ED823D241AD844F /* LiteAdBannerView.swift */; };
		64832AEAF79A481F3504C111 /* GameModels.swift in Sources */ = {isa = PBXBuildFile; fileRef = EA2167CF7C7686C8ABDA651B /* GameModels.swift */; };
		6D4C714CFD4182E4E0D3FFD6 /* ChineseCheckerGame.swift in Sources */ = {isa = PBXBuildFile; fileRef = EEE1688F0B2028DCAAD4C375 /* ChineseCheckerGame.swift */; };
		72DC838FB7FE541A558B3492 /* ContentView.swift in Sources */ = {isa = PBXBuildFile; fileRef = 915330F870419DA6ACA4DD78 /* ContentView.swift */; };
		72F846BCE6E6DE5021695208 /* BoardCoordinate.swift in Sources */ = {isa = PBXBuildFile; fileRef = 299193E49E8B548FFA090E78 /* BoardCoordinate.swift */; };
		798411A3CCA234DDC921CC03 /* Assets.xcassets in Resources */ = {isa = PBXBuildFile; fileRef = D5A5EDAD9F4D9F91133D4B8B /* Assets.xcassets */; };
		7B3F226990956989093009C1 /* ChineseCheckerApp.swift in Sources */ = {isa = PBXBuildFile; fileRef = 9300B824A8909C90C52B2FFA /* ChineseCheckerApp.swift */; };
		7B58A92266D1DCC557CD2FE0 /* LiteAdBannerView.swift in Sources */ = {isa = PBXBuildFile; fileRef = 217B44835ED823D241AD844F /* LiteAdBannerView.swift */; };
		82D6020509830F46431B0D9E /* GameModels.swift in Sources */ = {isa = PBXBuildFile; fileRef = EA2167CF7C7686C8ABDA651B /* GameModels.swift */; };
		878F822887F7955DCDF28F14 /* LiteAdBannerView.swift in Sources */ = {isa = PBXBuildFile; fileRef = 217B44835ED823D241AD844F /* LiteAdBannerView.swift */; };
		8975F42B93655A6E29F1263C /* LiteAdBannerView.swift in Sources */ = {isa = PBXBuildFile; fileRef = 217B44835ED823D241AD844F /* LiteAdBannerView.swift */; };
		9225DACA821F5BEB3DF17704 /* ChineseCheckerGame.swift in Sources */ = {isa = PBXBuildFile; fileRef = EEE1688F0B2028DCAAD4C375 /* ChineseCheckerGame.swift */; };
		9DCFB47D4965BDCA2588823E /* Assets.xcassets in Resources */ = {isa = PBXBuildFile; fileRef = D5A5EDAD9F4D9F91133D4B8B /* Assets.xcassets */; };
		A35933A223A2FC0DE6C11513 /* Foundation.framework in Frameworks */ = {isa = PBXBuildFile; fileRef = FF1F7408E7B03F0303D4EE19 /* Foundation.framework */; };
		A5CCDBEFBAC018406ACA046C /* ContentView.swift in Sources */ = {isa = PBXBuildFile; fileRef = 915330F870419DA6ACA4DD78 /* ContentView.swift */; };
		B92583843E3FCC8CEBA6D460 /* BoardView.swift in Sources */ = {isa = PBXBuildFile; fileRef = 1ADAE33825E1BCF6F4E74EBA /* BoardView.swift */; };
		BF9E4B09520CAE35D82FDEBC /* ChineseCheckerGame.swift in Sources */ = {isa = PBXBuildFile; fileRef = EEE1688F0B2028DCAAD4C375 /* ChineseCheckerGame.swift */; };
		C036079E7C7EA8C057F45FC7 /* ChineseCheckerApp.swift in Sources */ = {isa = PBXBuildFile; fileRef = 9300B824A8909C90C52B2FFA /* ChineseCheckerApp.swift */; };
		C52FFE561C8166EFD9D9E0D2 /* BoardView.swift in Sources */ = {isa = PBXBuildFile; fileRef = 1ADAE33825E1BCF6F4E74EBA /* BoardView.swift */; };
		CB8ECB460C915FA4D1F2DD8F /* GameModels.swift in Sources */ = {isa = PBXBuildFile; fileRef = EA2167CF7C7686C8ABDA651B /* GameModels.swift */; };
		CBBF936A9F296E94F8C79FCC /* BoardCoordinate.swift in Sources */ = {isa = PBXBuildFile; fileRef = 299193E49E8B548FFA090E78 /* BoardCoordinate.swift */; };
		CC020AB94C49B7AB322B7FD4 /* ChineseCheckerGame.swift in Sources */ = {isa = PBXBuildFile; fileRef = EEE1688F0B2028DCAAD4C375 /* ChineseCheckerGame.swift */; };
		CDD72428376872595D2DBEDD /* GameModels.swift in Sources */ = {isa = PBXBuildFile; fileRef = EA2167CF7C7686C8ABDA651B /* GameModels.swift */; };
		D37CED5B01EF7A7C4684491D /* BoardView.swift in Sources */ = {isa = PBXBuildFile; fileRef = 1ADAE33825E1BCF6F4E74EBA /* BoardView.swift */; };
		DD0B890E25C0FAF034879AFD /* Cocoa.framework in Frameworks */ = {isa = PBXBuildFile; fileRef = 7AAFB721E4AA393E07BAB50E /* Cocoa.framework */; };
		F60EB494C32A04FF4E8D7F1E /* BoardView.swift in Sources */ = {isa = PBXBuildFile; fileRef = 1ADAE33825E1BCF6F4E74EBA /* BoardView.swift */; };
		FD3D241CB3ED83FE67EAD418 /* LiteAdBannerView.swift in Sources */ = {isa = PBXBuildFile; fileRef = 217B44835ED823D241AD844F /* LiteAdBannerView.swift */; };
/* End PBXBuildFile section */

/* Begin PBXFileReference section */
		012129C50FDCD5EA381E7429 /* ChineseChecker macOS.app */ = {isa = PBXFileReference; explicitFileType = wrapper.application; includeInIndex = 0; path = "ChineseChecker macOS.app"; sourceTree = BUILT_PRODUCTS_DIR; };
		1ADAE33825E1BCF6F4E74EBA /* BoardView.swift */ = {isa = PBXFileReference; includeInIndex = 1; lastKnownFileType = sourcecode.swift; name = BoardView.swift; path = Shared/Views/BoardView.swift; sourceTree = "<group>"; };
		217B44835ED823D241AD844F /* LiteAdBannerView.swift */ = {isa = PBXFileReference; includeInIndex = 1; lastKnownFileType = sourcecode.swift; name = LiteAdBannerView.swift; path = Shared/Views/LiteAdBannerView.swift; sourceTree = "<group>"; };
		299193E49E8B548FFA090E78 /* BoardCoordinate.swift */ = {isa = PBXFileReference; includeInIndex = 1; lastKnownFileType = sourcecode.swift; name = BoardCoordinate.swift; path = Shared/Models/BoardCoordinate.swift; sourceTree = "<group>"; };
		32B90F9E41CE8BD0344C9BDF /* ChineseChecker iOS.app */ = {isa = PBXFileReference; explicitFileType = wrapper.application; includeInIndex = 0; path = "ChineseChecker iOS.app"; sourceTree = BUILT_PRODUCTS_DIR; };
		3B6E48C446C2AAC8B2264742 /* Foundation.framework */ = {isa = PBXFileReference; lastKnownFileType = wrapper.framework; name = Foundation.framework; path = Platforms/AppleTVOS.platform/Developer/SDKs/AppleTVOS18.0.sdk/System/Library/Frameworks/Foundation.framework; sourceTree = DEVELOPER_DIR; };
		56AEB440DE7C00C36B5CFB05 /* ChineseChecker Lite iOS.app */ = {isa = PBXFileReference; explicitFileType = wrapper.application; includeInIndex = 0; path = "ChineseChecker Lite iOS.app"; sourceTree = BUILT_PRODUCTS_DIR; };
		5B1B216BD622A73E8F650843 /* ChineseChecker visionOS.app */ = {isa = PBXFileReference; explicitFileType = wrapper.application; includeInIndex = 0; path = "ChineseChecker visionOS.app"; sourceTree = BUILT_PRODUCTS_DIR; };
		61E107BA967240638CBD9503 /* Foundation.framework */ = {isa = PBXFileReference; lastKnownFileType = wrapper.framework; name = Foundation.framework; path = Platforms/XROS.platform/Developer/SDKs/XROS2.0.sdk/System/Library/Frameworks/Foundation.framework; sourceTree = DEVELOPER_DIR; };
		7AAFB721E4AA393E07BAB50E /* Cocoa.framework */ = {isa = PBXFileReference; lastKnownFileType = wrapper.framework; name = Cocoa.framework; path = Platforms/MacOSX.platform/Developer/SDKs/MacOSX15.0.sdk/System/Library/Frameworks/Cocoa.framework; sourceTree = DEVELOPER_DIR; };
		915330F870419DA6ACA4DD78 /* ContentView.swift */ = {isa = PBXFileReference; includeInIndex = 1; lastKnownFileType = sourcecode.swift; name = ContentView.swift; path = Shared/Views/ContentView.swift; sourceTree = "<group>"; };
		9300B824A8909C90C52B2FFA /* ChineseCheckerApp.swift */ = {isa = PBXFileReference; includeInIndex = 1; lastKnownFileType = sourcecode.swift; name = ChineseCheckerApp.swift; path = Shared/App/ChineseCheckerApp.swift; sourceTree = "<group>"; };
		D1DB98505C1604F349169A0C /* ChineseChecker tvOS.app */ = {isa = PBXFileReference; explicitFileType = wrapper.application; includeInIndex = 0; path = "ChineseChecker tvOS.app"; sourceTree = BUILT_PRODUCTS_DIR; };
		D5A5EDAD9F4D9F91133D4B8B /* Assets.xcassets */ = {isa = PBXFileReference; includeInIndex = 1; lastKnownFileType = folder.assetcatalog; name = Assets.xcassets; path = Shared/Assets.xcassets; sourceTree = "<group>"; };
		EA2167CF7C7686C8ABDA651B /* GameModels.swift */ = {isa = PBXFileReference; includeInIndex = 1; lastKnownFileType = sourcecode.swift; name = GameModels.swift; path = Shared/Models/GameModels.swift; sourceTree = "<group>"; };
		EEE1688F0B2028DCAAD4C375 /* ChineseCheckerGame.swift */ = {isa = PBXFileReference; includeInIndex = 1; lastKnownFileType = sourcecode.swift; name = ChineseCheckerGame.swift; path = Shared/Models/ChineseCheckerGame.swift; sourceTree = "<group>"; };
		FF1F7408E7B03F0303D4EE19 /* Foundation.framework */ = {isa = PBXFileReference; lastKnownFileType = wrapper.framework; name = Foundation.framework; path = Platforms/iPhoneOS.platform/Developer/SDKs/iPhoneOS18.0.sdk/System/Library/Frameworks/Foundation.framework; sourceTree = DEVELOPER_DIR; };
/* End PBXFileReference section */

/* Begin PBXFrameworksBuildPhase section */
		65020CA658364C49E5EDEF19 /* Frameworks */ = {
			isa = PBXFrameworksBuildPhase;
			buildActionMask = 2147483647;
			files = (
				DD0B890E25C0FAF034879AFD /* Cocoa.framework in Frameworks */,
			);
			runOnlyForDeploymentPostprocessing = 0;
		};
		8D2614C070813F90C4909986 /* Frameworks */ = {
			isa = PBXFrameworksBuildPhase;
			buildActionMask = 2147483647;
			files = (
				569F5334B36EF39811376630 /* Foundation.framework in Frameworks */,
			);
			runOnlyForDeploymentPostprocessing = 0;
		};
		A2B5C37C384588846DB6EC13 /* Frameworks */ = {
			isa = PBXFrameworksBuildPhase;
			buildActionMask = 2147483647;
			files = (
				59E453705F25390A19AC581E /* Foundation.framework in Frameworks */,
			);
			runOnlyForDeploymentPostprocessing = 0;
		};
		E7F2AC5F5CEA4C1BACB315B6 /* Frameworks */ = {
			isa = PBXFrameworksBuildPhase;
			buildActionMask = 2147483647;
			files = (
				0D985E86B89C78AE63C7F602 /* Foundation.framework in Frameworks */,
				0913AE7CD9F1DCF221E41D85 /* GoogleMobileAds in Frameworks */,
			);
			runOnlyForDeploymentPostprocessing = 0;
		};
		EC658BDB732A3BFCBEF930AF /* Frameworks */ = {
			isa = PBXFrameworksBuildPhase;
			buildActionMask = 2147483647;
			files = (
				A35933A223A2FC0DE6C11513 /* Foundation.framework in Frameworks */,
			);
			runOnlyForDeploymentPostprocessing = 0;
		};
/* End PBXFrameworksBuildPhase section */

/* Begin PBXGroup section */
		3F9D6A16B3167ECD814DB0AC = {
			isa = PBXGroup;
			children = (
				84076804DDE2521EBF1E562C /* Products */,
				CD844E3F37E8F8609F7BC35A /* Frameworks */,
				9300B824A8909C90C52B2FFA /* ChineseCheckerApp.swift */,
				299193E49E8B548FFA090E78 /* BoardCoordinate.swift */,
				EEE1688F0B2028DCAAD4C375 /* ChineseCheckerGame.swift */,
				EA2167CF7C7686C8ABDA651B /* GameModels.swift */,
				1ADAE33825E1BCF6F4E74EBA /* BoardView.swift */,
				915330F870419DA6ACA4DD78 /* ContentView.swift */,
				217B44835ED823D241AD844F /* LiteAdBannerView.swift */,
				D5A5EDAD9F4D9F91133D4B8B /* Assets.xcassets */,
			);
			sourceTree = "<group>";
		};
		687F88110D44FDBBEBED4468 /* OS X */ = {
			isa = PBXGroup;
			children = (
				7AAFB721E4AA393E07BAB50E /* Cocoa.framework */,
			);
			name = "OS X";
			sourceTree = "<group>";
		};
		84076804DDE2521EBF1E562C /* Products */ = {
			isa = PBXGroup;
			children = (
				32B90F9E41CE8BD0344C9BDF /* ChineseChecker iOS.app */,
				012129C50FDCD5EA381E7429 /* ChineseChecker macOS.app */,
				D1DB98505C1604F349169A0C /* ChineseChecker tvOS.app */,
				5B1B216BD622A73E8F650843 /* ChineseChecker visionOS.app */,
				56AEB440DE7C00C36B5CFB05 /* ChineseChecker Lite iOS.app */,
			);
			name = Products;
			sourceTree = "<group>";
		};
		A9A5741B0ED69AD790EB1BA0 /* tvOS */ = {
			isa = PBXGroup;
			children = (
				3B6E48C446C2AAC8B2264742 /* Foundation.framework */,
			);
			name = tvOS;
			sourceTree = "<group>";
		};
		CD844E3F37E8F8609F7BC35A /* Frameworks */ = {
			isa = PBXGroup;
			children = (
				D1B424060970DF9A5DAE2536 /* iOS */,
				687F88110D44FDBBEBED4468 /* OS X */,
				A9A5741B0ED69AD790EB1BA0 /* tvOS */,
				F819CBB4C07429C8906269D0 /* visionOS */,
			);
			name = Frameworks;
			sourceTree = "<group>";
		};
		D1B424060970DF9A5DAE2536 /* iOS */ = {
			isa = PBXGroup;
			children = (
				FF1F7408E7B03F0303D4EE19 /* Foundation.framework */,
			);
			name = iOS;
			sourceTree = "<group>";
		};
		F819CBB4C07429C8906269D0 /* visionOS */ = {
			isa = PBXGroup;
			children = (
				61E107BA967240638CBD9503 /* Foundation.framework */,
			);
			name = visionOS;
			sourceTree = "<group>";
		};
/* End PBXGroup section */

/* Begin PBXNativeTarget section */
		064CBAA54545FED36BC0C7C0 /* ChineseChecker tvOS */ = {
			isa = PBXNativeTarget;
			buildConfigurationList = 32450612E91B82B3ACE60896 /* Build configuration list for PBXNativeTarget "ChineseChecker tvOS" */;
			buildPhases = (
				35497BC39E99AF0E2B27B990 /* Sources */,
				A2B5C37C384588846DB6EC13 /* Frameworks */,
				2B81D6C25CA8DFA4BA9E2EF8 /* Resources */,
			);
			buildRules = (
			);
			dependencies = (
			);
			name = "ChineseChecker tvOS";
			productName = "ChineseChecker tvOS";
			productReference = D1DB98505C1604F349169A0C /* ChineseChecker tvOS.app */;
			productType = "com.apple.product-type.application";
		};
		32B50FEE95567524C7DD6C35 /* ChineseChecker macOS */ = {
			isa = PBXNativeTarget;
			buildConfigurationList = 8141291B7FFE83AAA5BEF37C /* Build configuration list for PBXNativeTarget "ChineseChecker macOS" */;
			buildPhases = (
				58778B2375DBD5C44CE03A4F /* Sources */,
				65020CA658364C49E5EDEF19 /* Frameworks */,
				26F17A7A8FF79B50503E1A6D /* Resources */,
			);
			buildRules = (
			);
			dependencies = (
			);
			name = "ChineseChecker macOS";
			productName = "ChineseChecker macOS";
			productReference = 012129C50FDCD5EA381E7429 /* ChineseChecker macOS.app */;
			productType = "com.apple.product-type.application";
		};
		4FA2BC77D4B582316E63374B /* ChineseChecker visionOS */ = {
			isa = PBXNativeTarget;
			buildConfigurationList = 201D61C540C6252A4102DFC4 /* Build configuration list for PBXNativeTarget "ChineseChecker visionOS" */;
			buildPhases = (
				F729DFBAC8EFDA92B7C362B4 /* Sources */,
				8D2614C070813F90C4909986 /* Frameworks */,
				E559715582F924319229CE78 /* Resources */,
				E1DD56CCC4C74B47261BF160 /* Patch visionOS App Icon Info.plist */,
			);
			buildRules = (
			);
			dependencies = (
			);
			name = "ChineseChecker visionOS";
			productName = "ChineseChecker visionOS";
			productReference = 5B1B216BD622A73E8F650843 /* ChineseChecker visionOS.app */;
			productType = "com.apple.product-type.application";
		};
		C1D6B459DA9FD8B3A52296CE /* ChineseChecker Lite iOS */ = {
			isa = PBXNativeTarget;
			buildConfigurationList = C8714BBEDF69D1E4C04BF42F /* Build configuration list for PBXNativeTarget "ChineseChecker Lite iOS" */;
			buildPhases = (
				CE65A2C7AC915298CCA97161 /* Sources */,
				E7F2AC5F5CEA4C1BACB315B6 /* Frameworks */,
				76577611D7CD0E0E33A5B788 /* Resources */,
				C413425FDF126A1E636106F4 /* Patch Lite AdMob Info.plist */,
			);
			buildRules = (
			);
			dependencies = (
			);
			name = "ChineseChecker Lite iOS";
			packageProductDependencies = (
				9CE45CF04AB8E47B160A43E8 /* GoogleMobileAds */,
			);
			productName = "ChineseChecker Lite iOS";
			productReference = 56AEB440DE7C00C36B5CFB05 /* ChineseChecker Lite iOS.app */;
			productType = "com.apple.product-type.application";
		};
		FA9BD9EA78C31A3F378967AD /* ChineseChecker iOS */ = {
			isa = PBXNativeTarget;
			buildConfigurationList = 46EB132657084E853ADE97C5 /* Build configuration list for PBXNativeTarget "ChineseChecker iOS" */;
			buildPhases = (
				3ADA048F4E088A57FB70CCA4 /* Sources */,
				EC658BDB732A3BFCBEF930AF /* Frameworks */,
				A2D1E2B1B843140469E0007C /* Resources */,
			);
			buildRules = (
			);
			dependencies = (
			);
			name = "ChineseChecker iOS";
			productName = "ChineseChecker iOS";
			productReference = 32B90F9E41CE8BD0344C9BDF /* ChineseChecker iOS.app */;
			productType = "com.apple.product-type.application";
		};
/* End PBXNativeTarget section */

/* Begin PBXProject section */
		741A8CCEDE5B63ED2B8360B3 /* Project object */ = {
			isa = PBXProject;
			attributes = {
				LastSwiftUpdateCheck = 1600;
				LastUpgradeCheck = 1600;
			};
			buildConfigurationList = 3B7A12F824F1B5DD3797469D /* Build configuration list for PBXProject "ChineseChecker" */;
			compatibilityVersion = "Xcode 3.2";
			developmentRegion = en;
			hasScannedForEncodings = 0;
			knownRegions = (
				en,
				Base,
			);
			mainGroup = 3F9D6A16B3167ECD814DB0AC;
			minimizedProjectReferenceProxies = 0;
			packageReferences = (
				FA53DD759C996BC01F39888C /* XCRemoteSwiftPackageReference "swift-package-manager-google-mobile-ads" */,
			);
			preferredProjectObjectVersion = 77;
			productRefGroup = 84076804DDE2521EBF1E562C /* Products */;
			projectDirPath = "";
			projectRoot = "";
			targets = (
				FA9BD9EA78C31A3F378967AD /* ChineseChecker iOS */,
				32B50FEE95567524C7DD6C35 /* ChineseChecker macOS */,
				064CBAA54545FED36BC0C7C0 /* ChineseChecker tvOS */,
				4FA2BC77D4B582316E63374B /* ChineseChecker visionOS */,
				C1D6B459DA9FD8B3A52296CE /* ChineseChecker Lite iOS */,
			);
		};
/* End PBXProject section */

/* Begin PBXResourcesBuildPhase section */
		26F17A7A8FF79B50503E1A6D /* Resources */ = {
			isa = PBXResourcesBuildPhase;
			buildActionMask = 2147483647;
			files = (
				5A20A38BEC12FA45E8857915 /* Assets.xcassets in Resources */,
			);
			runOnlyForDeploymentPostprocessing = 0;
		};
		2B81D6C25CA8DFA4BA9E2EF8 /* Resources */ = {
			isa = PBXResourcesBuildPhase;
			buildActionMask = 2147483647;
			files = (
				07B455C6D867E1914593210F /* Assets.xcassets in Resources */,
			);
			runOnlyForDeploymentPostprocessing = 0;
		};
		76577611D7CD0E0E33A5B788 /* Resources */ = {
			isa = PBXResourcesBuildPhase;
			buildActionMask = 2147483647;
			files = (
				0E7D1CEA5FF25191978359CA /* Assets.xcassets in Resources */,
			);
			runOnlyForDeploymentPostprocessing = 0;
		};
		A2D1E2B1B843140469E0007C /* Resources */ = {
			isa = PBXResourcesBuildPhase;
			buildActionMask = 2147483647;
			files = (
				9DCFB47D4965BDCA2588823E /* Assets.xcassets in Resources */,
			);
			runOnlyForDeploymentPostprocessing = 0;
		};
		E559715582F924319229CE78 /* Resources */ = {
			isa = PBXResourcesBuildPhase;
			buildActionMask = 2147483647;
			files = (
				798411A3CCA234DDC921CC03 /* Assets.xcassets in Resources */,
			);
			runOnlyForDeploymentPostprocessing = 0;
		};
/* End PBXResourcesBuildPhase section */

/* Begin PBXShellScriptBuildPhase section */
		C413425FDF126A1E636106F4 /* Patch Lite AdMob Info.plist */ = {
			isa = PBXShellScriptBuildPhase;
			buildActionMask = 2147483647;
			files = (
			);
			inputFileListPaths = (
			);
			inputPaths = (
			);
			name = "Patch Lite AdMob Info.plist";
			outputFileListPaths = (
			);
			outputPaths = (
			);
			runOnlyForDeploymentPostprocessing = 0;
			shellPath = /bin/sh;
			shellScript = "set -e\nPLIST=\"${TARGET_BUILD_DIR}/${INFOPLIST_PATH}\"\nif [ -f \"$PLIST\" ]; then\n  /usr/libexec/PlistBuddy -c \"Set :GADApplicationIdentifier ca-app-pub-5813365636393784~7313030721\" \"$PLIST\" 2>/dev/null || \\\n    /usr/libexec/PlistBuddy -c \"Add :GADApplicationIdentifier string ca-app-pub-5813365636393784~7313030721\" \"$PLIST\"\n  /usr/libexec/PlistBuddy -c \"Set :NSUserTrackingUsageDescription This identifier helps show relevant ads and measure ad performance in the Lite version.\" \"$PLIST\" 2>/dev/null || \\\n    /usr/libexec/PlistBuddy -c \"Add :NSUserTrackingUsageDescription string This identifier helps show relevant ads and measure ad performance in the Lite version.\" \"$PLIST\"\nfi\n";
		};
		E1DD56CCC4C74B47261BF160 /* Patch visionOS App Icon Info.plist */ = {
			isa = PBXShellScriptBuildPhase;
			buildActionMask = 2147483647;
			files = (
			);
			inputFileListPaths = (
			);
			inputPaths = (
			);
			name = "Patch visionOS App Icon Info.plist";
			outputFileListPaths = (
			);
			outputPaths = (
			);
			runOnlyForDeploymentPostprocessing = 0;
			shellPath = /bin/sh;
			shellScript = "set -e\nPLIST=\"${TARGET_BUILD_DIR}/${INFOPLIST_PATH}\"\nif [ -f \"$PLIST\" ]; then\n  /usr/libexec/PlistBuddy -c \"Delete :CFBundleIcons\" \"$PLIST\" 2>/dev/null || true\n  /usr/libexec/PlistBuddy -c \"Add :CFBundleIcons dict\" \"$PLIST\"\n  /usr/libexec/PlistBuddy -c \"Add :CFBundleIcons:CFBundlePrimaryIcon string AppIconVision\" \"$PLIST\"\nfi\n";
		};
/* End PBXShellScriptBuildPhase section */

/* Begin PBXSourcesBuildPhase section */
		35497BC39E99AF0E2B27B990 /* Sources */ = {
			isa = PBXSourcesBuildPhase;
			buildActionMask = 2147483647;
			files = (
				2527287208C754BEC18AB0EA /* ChineseCheckerApp.swift in Sources */,
				104A685FE969E732B4D1F97C /* BoardCoordinate.swift in Sources */,
				52638F4B73D1257DEB9B7F33 /* ChineseCheckerGame.swift in Sources */,
				CDD72428376872595D2DBEDD /* GameModels.swift in Sources */,
				C52FFE561C8166EFD9D9E0D2 /* BoardView.swift in Sources */,
				03E8B41907BB62CB868F3D23 /* ContentView.swift in Sources */,
				878F822887F7955DCDF28F14 /* LiteAdBannerView.swift in Sources */,
			);
			runOnlyForDeploymentPostprocessing = 0;
		};
		3ADA048F4E088A57FB70CCA4 /* Sources */ = {
			isa = PBXSourcesBuildPhase;
			buildActionMask = 2147483647;
			files = (
				7B3F226990956989093009C1 /* ChineseCheckerApp.swift in Sources */,
				3D42B6E4E42766F4993FFB33 /* BoardCoordinate.swift in Sources */,
				6D4C714CFD4182E4E0D3FFD6 /* ChineseCheckerGame.swift in Sources */,
				64832AEAF79A481F3504C111 /* GameModels.swift in Sources */,
				53223B6C474A591AD9C5FE48 /* BoardView.swift in Sources */,
				A5CCDBEFBAC018406ACA046C /* ContentView.swift in Sources */,
				5BD3D57D14F0D96E931874F6 /* LiteAdBannerView.swift in Sources */,
			);
			runOnlyForDeploymentPostprocessing = 0;
		};
		58778B2375DBD5C44CE03A4F /* Sources */ = {
			isa = PBXSourcesBuildPhase;
			buildActionMask = 2147483647;
			files = (
				4E21F506BAECCAA561557BD2 /* ChineseCheckerApp.swift in Sources */,
				5829163FBA5D5063F1FA07A0 /* BoardCoordinate.swift in Sources */,
				CC020AB94C49B7AB322B7FD4 /* ChineseCheckerGame.swift in Sources */,
				336F8A78E04BB70C1CFB27C8 /* GameModels.swift in Sources */,
				B92583843E3FCC8CEBA6D460 /* BoardView.swift in Sources */,
				08806EF932632A479D7A66EB /* ContentView.swift in Sources */,
				7B58A92266D1DCC557CD2FE0 /* LiteAdBannerView.swift in Sources */,
			);
			runOnlyForDeploymentPostprocessing = 0;
		};
		CE65A2C7AC915298CCA97161 /* Sources */ = {
			isa = PBXSourcesBuildPhase;
			buildActionMask = 2147483647;
			files = (
				C036079E7C7EA8C057F45FC7 /* ChineseCheckerApp.swift in Sources */,
				72F846BCE6E6DE5021695208 /* BoardCoordinate.swift in Sources */,
				9225DACA821F5BEB3DF17704 /* ChineseCheckerGame.swift in Sources */,
				CB8ECB460C915FA4D1F2DD8F /* GameModels.swift in Sources */,
				D37CED5B01EF7A7C4684491D /* BoardView.swift in Sources */,
				5686FB5B95E26AE9D91A9B7A /* ContentView.swift in Sources */,
				FD3D241CB3ED83FE67EAD418 /* LiteAdBannerView.swift in Sources */,
			);
			runOnlyForDeploymentPostprocessing = 0;
		};
		F729DFBAC8EFDA92B7C362B4 /* Sources */ = {
			isa = PBXSourcesBuildPhase;
			buildActionMask = 2147483647;
			files = (
				1E8A55C1D5042FD8F830B0A8 /* ChineseCheckerApp.swift in Sources */,
				CBBF936A9F296E94F8C79FCC /* BoardCoordinate.swift in Sources */,
				BF9E4B09520CAE35D82FDEBC /* ChineseCheckerGame.swift in Sources */,
				82D6020509830F46431B0D9E /* GameModels.swift in Sources */,
				F60EB494C32A04FF4E8D7F1E /* BoardView.swift in Sources */,
				72DC838FB7FE541A558B3492 /* ContentView.swift in Sources */,
				8975F42B93655A6E29F1263C /* LiteAdBannerView.swift in Sources */,
			);
			runOnlyForDeploymentPostprocessing = 0;
		};
/* End PBXSourcesBuildPhase section */

/* Begin XCBuildConfiguration section */
		02D711B115A81B32C0C6A05B /* Debug */ = {
			isa = XCBuildConfiguration;
			buildSettings = {
				ALWAYS_SEARCH_USER_PATHS = NO;
				CLANG_ANALYZER_NONNULL = YES;
				CLANG_ANALYZER_NUMBER_OBJECT_CONVERSION = YES_AGGRESSIVE;
				CLANG_CXX_LANGUAGE_STANDARD = "gnu++14";
				CLANG_CXX_LIBRARY = "libc++";
				CLANG_ENABLE_MODULES = YES;
				CLANG_ENABLE_OBJC_ARC = YES;
				CLANG_ENABLE_OBJC_WEAK = YES;
				CLANG_WARN_BLOCK_CAPTURE_AUTORELEASING = YES;
				CLANG_WARN_BOOL_CONVERSION = YES;
				CLANG_WARN_COMMA = YES;
				CLANG_WARN_CONSTANT_CONVERSION = YES;
				CLANG_WARN_DEPRECATED_OBJC_IMPLEMENTATIONS = YES;
				CLANG_WARN_DIRECT_OBJC_ISA_USAGE = YES_ERROR;
				CLANG_WARN_DOCUMENTATION_COMMENTS = YES;
				CLANG_WARN_EMPTY_BODY = YES;
				CLANG_WARN_ENUM_CONVERSION = YES;
				CLANG_WARN_INFINITE_RECURSION = YES;
				CLANG_WARN_INT_CONVERSION = YES;
				CLANG_WARN_NON_LITERAL_NULL_CONVERSION = YES;
				CLANG_WARN_OBJC_IMPLICIT_RETAIN_SELF = YES;
				CLANG_WARN_OBJC_LITERAL_CONVERSION = YES;
				CLANG_WARN_OBJC_ROOT_CLASS = YES_ERROR;
				CLANG_WARN_QUOTED_INCLUDE_IN_FRAMEWORK_HEADER = YES;
				CLANG_WARN_RANGE_LOOP_ANALYSIS = YES;
				CLANG_WARN_STRICT_PROTOTYPES = YES;
				CLANG_WARN_SUSPICIOUS_MOVE = YES;
				CLANG_WARN_UNGUARDED_AVAILABILITY = YES_AGGRESSIVE;
				CLANG_WARN_UNREACHABLE_CODE = YES;
				CLANG_WARN__DUPLICATE_METHOD_MATCH = YES;
				COPY_PHASE_STRIP = NO;
				DEBUG_INFORMATION_FORMAT = dwarf;
				ENABLE_STRICT_OBJC_MSGSEND = YES;
				ENABLE_TESTABILITY = YES;
				GCC_C_LANGUAGE_STANDARD = gnu11;
				GCC_DYNAMIC_NO_PIC = NO;
				GCC_NO_COMMON_BLOCKS = YES;
				GCC_OPTIMIZATION_LEVEL = 0;
				GCC_PREPROCESSOR_DEFINITIONS = (
					"DEBUG=1",
					"$(inherited)",
				);
				GCC_WARN_64_TO_32_BIT_CONVERSION = YES;
				GCC_WARN_ABOUT_RETURN_TYPE = YES_ERROR;
				GCC_WARN_UNDECLARED_SELECTOR = YES;
				GCC_WARN_UNINITIALIZED_AUTOS = YES_AGGRESSIVE;
				GCC_WARN_UNUSED_FUNCTION = YES;
				GCC_WARN_UNUSED_VARIABLE = YES;
				MTL_ENABLE_DEBUG_INFO = INCLUDE_SOURCE;
				MTL_FAST_MATH = YES;
				ONLY_ACTIVE_ARCH = YES;
				PRODUCT_NAME = "$(TARGET_NAME)";
				SWIFT_ACTIVE_COMPILATION_CONDITIONS = DEBUG;
				SWIFT_OPTIMIZATION_LEVEL = "-Onone";
				SWIFT_VERSION = 5.0;
			};
			name = Debug;
		};
		05C8E4E971C5376B31025B9A /* Debug */ = {
			isa = XCBuildConfiguration;
			buildSettings = {
				ASSETCATALOG_COMPILER_APPICON_NAME = AppIcon;
				ASSETCATALOG_COMPILER_GLOBAL_ACCENT_COLOR_NAME = AccentColor;
				CODE_SIGN_ENTITLEMENTS = "Shared/Entitlements/ChineseChecker-macOS.entitlements";
				CODE_SIGN_STYLE = Automatic;
				COMBINE_HIDPI_IMAGES = YES;
				CURRENT_PROJECT_VERSION = 1;
				DEVELOPMENT_TEAM = AK2DM5M5FX;
				ENABLE_PREVIEWS = YES;
				GENERATE_INFOPLIST_FILE = YES;
				INFOPLIST_KEY_CFBundleDisplayName = "Duo Chinese Checkers";
				INFOPLIST_KEY_LSApplicationCategoryType = "public.app-category.games";
				LD_RUNPATH_SEARCH_PATHS = "$(inherited) @executable_path/../Frameworks";
				MACOSX_DEPLOYMENT_TARGET = 14.0;
				MARKETING_VERSION = 1.0;
				PRODUCT_BUNDLE_IDENTIFIER = com.lockstudio.duochinesecheckers;
				PRODUCT_NAME = "Duo Chinese Checkers";
				SDKROOT = macosx;
				SUPPORTED_PLATFORMS = macosx;
				SWIFT_VERSION = 6.0;
				TARGETED_DEVICE_FAMILY = "";
			};
			name = Debug;
		};
		3FB0951F4919CE6F49E59833 /* Release */ = {
			isa = XCBuildConfiguration;
			buildSettings = {
				ASSETCATALOG_COMPILER_APPICON_NAME = AppIcon;
				ASSETCATALOG_COMPILER_GLOBAL_ACCENT_COLOR_NAME = AccentColor;
				CLANG_ENABLE_OBJC_WEAK = NO;
				CODE_SIGN_STYLE = Automatic;
				CURRENT_PROJECT_VERSION = 1;
				DEVELOPMENT_TEAM = AK2DM5M5FX;
				ENABLE_PREVIEWS = YES;
				GENERATE_INFOPLIST_FILE = YES;
				INFOPLIST_KEY_CFBundleDisplayName = "Duo Chinese Checkers";
				INFOPLIST_KEY_LSApplicationCategoryType = "public.app-category.games";
				INFOPLIST_KEY_UILaunchScreen_Generation = YES;
				INFOPLIST_KEY_UIRequiresFullScreen = YES;
				INFOPLIST_KEY_UISupportedInterfaceOrientations = UIInterfaceOrientationPortrait;
				INFOPLIST_KEY_UISupportedInterfaceOrientations_iPad = UIInterfaceOrientationPortrait;
				IPHONEOS_DEPLOYMENT_TARGET = 17.0;
				LD_RUNPATH_SEARCH_PATHS = "$(inherited) @executable_path/Frameworks";
				MARKETING_VERSION = 1.0;
				PRODUCT_BUNDLE_IDENTIFIER = com.lockstudio.duochinesecheckers;
				PRODUCT_NAME = "Duo Chinese Checkers";
				SDKROOT = iphoneos;
				SUPPORTED_PLATFORMS = "iphoneos iphonesimulator";
				SWIFT_VERSION = 6.0;
				TARGETED_DEVICE_FAMILY = "1,2";
				VALIDATE_PRODUCT = YES;
			};
			name = Release;
		};
		4CF8345E029F4020BF7DC033 /* Debug */ = {
			isa = XCBuildConfiguration;
			buildSettings = {
				ASSETCATALOG_COMPILER_APPICON_NAME = AppIcon;
				ASSETCATALOG_COMPILER_GLOBAL_ACCENT_COLOR_NAME = AccentColor;
				CLANG_ENABLE_OBJC_WEAK = NO;
				CODE_SIGN_STYLE = Automatic;
				CURRENT_PROJECT_VERSION = 3;
				DEVELOPMENT_TEAM = AK2DM5M5FX;
				ENABLE_PREVIEWS = YES;
				GENERATE_INFOPLIST_FILE = YES;
				INFOPLIST_KEY_CFBundleDisplayName = "Duo Chinese Checkers Lite";
				INFOPLIST_KEY_GADApplicationIdentifier = "ca-app-pub-5813365636393784~7313030721";
				INFOPLIST_KEY_LSApplicationCategoryType = "public.app-category.games";
				INFOPLIST_KEY_NSUserTrackingUsageDescription = "This identifier helps show relevant ads and measure ad performance in the Lite version.";
				INFOPLIST_KEY_UILaunchScreen_Generation = YES;
				INFOPLIST_KEY_UIRequiresFullScreen = YES;
				INFOPLIST_KEY_UISupportedInterfaceOrientations = UIInterfaceOrientationPortrait;
				INFOPLIST_KEY_UISupportedInterfaceOrientations_iPad = UIInterfaceOrientationPortrait;
				IPHONEOS_DEPLOYMENT_TARGET = 17.0;
				LD_RUNPATH_SEARCH_PATHS = "$(inherited) @executable_path/Frameworks";
				MARKETING_VERSION = 1.0;
				OTHER_SWIFT_FLAGS = "$(inherited) -DLITE_VERSION";
				PRODUCT_BUNDLE_IDENTIFIER = com.lockstudio.duochinesecheckers.lite;
				PRODUCT_NAME = "Duo Chinese Checkers Lite";
				SDKROOT = iphoneos;
				SUPPORTED_PLATFORMS = "iphoneos iphonesimulator";
				SWIFT_VERSION = 6.0;
				TARGETED_DEVICE_FAMILY = "1,2";
			};
			name = Debug;
		};
		5A4AC9DCD0EE5BFF2332C60F /* Debug */ = {
			isa = XCBuildConfiguration;
			buildSettings = {
				ASSETCATALOG_COMPILER_APPICON_NAME = AppIcon;
				ASSETCATALOG_COMPILER_GLOBAL_ACCENT_COLOR_NAME = AccentColor;
				CLANG_ENABLE_OBJC_WEAK = NO;
				CODE_SIGN_STYLE = Automatic;
				CURRENT_PROJECT_VERSION = 1;
				DEVELOPMENT_TEAM = AK2DM5M5FX;
				ENABLE_PREVIEWS = YES;
				GENERATE_INFOPLIST_FILE = YES;
				INFOPLIST_KEY_CFBundleDisplayName = "Duo Chinese Checkers";
				INFOPLIST_KEY_LSApplicationCategoryType = "public.app-category.games";
				INFOPLIST_KEY_UILaunchScreen_Generation = YES;
				INFOPLIST_KEY_UIRequiresFullScreen = YES;
				INFOPLIST_KEY_UISupportedInterfaceOrientations = UIInterfaceOrientationPortrait;
				INFOPLIST_KEY_UISupportedInterfaceOrientations_iPad = UIInterfaceOrientationPortrait;
				IPHONEOS_DEPLOYMENT_TARGET = 17.0;
				LD_RUNPATH_SEARCH_PATHS = "$(inherited) @executable_path/Frameworks";
				MARKETING_VERSION = 1.0;
				PRODUCT_BUNDLE_IDENTIFIER = com.lockstudio.duochinesecheckers;
				PRODUCT_NAME = "Duo Chinese Checkers";
				SDKROOT = iphoneos;
				SUPPORTED_PLATFORMS = "iphoneos iphonesimulator";
				SWIFT_VERSION = 6.0;
				TARGETED_DEVICE_FAMILY = "1,2";
			};
			name = Debug;
		};
		71FFF79E0BC52FACDC5E945F /* Release */ = {
			isa = XCBuildConfiguration;
			buildSettings = {
				ASSETCATALOG_COMPILER_APPICON_NAME = AppIcon;
				ASSETCATALOG_COMPILER_GLOBAL_ACCENT_COLOR_NAME = AccentColor;
				CLANG_ENABLE_OBJC_WEAK = NO;
				CODE_SIGN_STYLE = Automatic;
				CURRENT_PROJECT_VERSION = 3;
				DEVELOPMENT_TEAM = AK2DM5M5FX;
				ENABLE_PREVIEWS = YES;
				GENERATE_INFOPLIST_FILE = YES;
				INFOPLIST_KEY_CFBundleDisplayName = "Duo Chinese Checkers Lite";
				INFOPLIST_KEY_GADApplicationIdentifier = "ca-app-pub-5813365636393784~7313030721";
				INFOPLIST_KEY_LSApplicationCategoryType = "public.app-category.games";
				INFOPLIST_KEY_NSUserTrackingUsageDescription = "This identifier helps show relevant ads and measure ad performance in the Lite version.";
				INFOPLIST_KEY_UILaunchScreen_Generation = YES;
				INFOPLIST_KEY_UIRequiresFullScreen = YES;
				INFOPLIST_KEY_UISupportedInterfaceOrientations = UIInterfaceOrientationPortrait;
				INFOPLIST_KEY_UISupportedInterfaceOrientations_iPad = UIInterfaceOrientationPortrait;
				IPHONEOS_DEPLOYMENT_TARGET = 17.0;
				LD_RUNPATH_SEARCH_PATHS = "$(inherited) @executable_path/Frameworks";
				MARKETING_VERSION = 1.0;
				OTHER_SWIFT_FLAGS = "$(inherited) -DLITE_VERSION";
				PRODUCT_BUNDLE_IDENTIFIER = com.lockstudio.duochinesecheckers.lite;
				PRODUCT_NAME = "Duo Chinese Checkers Lite";
				SDKROOT = iphoneos;
				SUPPORTED_PLATFORMS = "iphoneos iphonesimulator";
				SWIFT_VERSION = 6.0;
				TARGETED_DEVICE_FAMILY = "1,2";
				VALIDATE_PRODUCT = YES;
			};
			name = Release;
		};
		B6AB88DB14FB87F0F69F1CE5 /* Debug */ = {
			isa = XCBuildConfiguration;
			buildSettings = {
				ASSETCATALOG_COMPILER_APPICON_NAME = AppIconVision;
				ASSETCATALOG_COMPILER_GLOBAL_ACCENT_COLOR_NAME = AccentColor;
				CODE_SIGN_STYLE = Automatic;
				CURRENT_PROJECT_VERSION = 1;
				DEVELOPMENT_TEAM = AK2DM5M5FX;
				ENABLE_PREVIEWS = YES;
				GENERATE_INFOPLIST_FILE = YES;
				INFOPLIST_KEY_CFBundleDisplayName = "Duo Chinese Checkers";
				INFOPLIST_KEY_LSApplicationCategoryType = "public.app-category.games";
				INFOPLIST_KEY_UISupportedInterfaceOrientations = "UIInterfaceOrientationLandscapeLeft UIInterfaceOrientationLandscapeRight";
				MARKETING_VERSION = 1.0;
				PRODUCT_BUNDLE_IDENTIFIER = com.lockstudio.duochinesecheckers;
				PRODUCT_NAME = "Duo Chinese Checkers";
				SDKROOT = xros;
				SUPPORTED_PLATFORMS = "xros xrsimulator";
				SWIFT_VERSION = 6.0;
				TARGETED_DEVICE_FAMILY = 7;
				XROS_DEPLOYMENT_TARGET = 1.0;
			};
			name = Debug;
		};
		C75D5A2DC1A1E6B9E956D73C /* Release */ = {
			isa = XCBuildConfiguration;
			buildSettings = {
				ASSETCATALOG_COMPILER_APPICON_NAME = AppIconTV;
				ASSETCATALOG_COMPILER_GLOBAL_ACCENT_COLOR_NAME = AccentColor;
				CODE_SIGN_STYLE = Automatic;
				CURRENT_PROJECT_VERSION = 1;
				DEVELOPMENT_TEAM = AK2DM5M5FX;
				ENABLE_PREVIEWS = YES;
				GENERATE_INFOPLIST_FILE = YES;
				INFOPLIST_KEY_CFBundleDisplayName = "Duo Chinese Checkers";
				INFOPLIST_KEY_LSApplicationCategoryType = "public.app-category.games";
				INFOPLIST_KEY_UISupportedInterfaceOrientations = "UIInterfaceOrientationLandscapeLeft UIInterfaceOrientationLandscapeRight";
				LD_RUNPATH_SEARCH_PATHS = "$(inherited) @executable_path/Frameworks";
				MARKETING_VERSION = 1.0;
				PRODUCT_BUNDLE_IDENTIFIER = com.lockstudio.duochinesecheckers;
				PRODUCT_NAME = "Duo Chinese Checkers";
				SDKROOT = appletvos;
				SUPPORTED_PLATFORMS = "appletvos appletvsimulator";
				SWIFT_VERSION = 6.0;
				TARGETED_DEVICE_FAMILY = 3;
				TVOS_DEPLOYMENT_TARGET = 17.0;
				VALIDATE_PRODUCT = YES;
			};
			name = Release;
		};
		D3BA3409ED10BC8D68E0E741 /* Debug */ = {
			isa = XCBuildConfiguration;
			buildSettings = {
				ASSETCATALOG_COMPILER_APPICON_NAME = AppIconTV;
				ASSETCATALOG_COMPILER_GLOBAL_ACCENT_COLOR_NAME = AccentColor;
				CODE_SIGN_STYLE = Automatic;
				CURRENT_PROJECT_VERSION = 1;
				DEVELOPMENT_TEAM = AK2DM5M5FX;
				ENABLE_PREVIEWS = YES;
				GENERATE_INFOPLIST_FILE = YES;
				INFOPLIST_KEY_CFBundleDisplayName = "Duo Chinese Checkers";
				INFOPLIST_KEY_LSApplicationCategoryType = "public.app-category.games";
				INFOPLIST_KEY_UISupportedInterfaceOrientations = "UIInterfaceOrientationLandscapeLeft UIInterfaceOrientationLandscapeRight";
				LD_RUNPATH_SEARCH_PATHS = "$(inherited) @executable_path/Frameworks";
				MARKETING_VERSION = 1.0;
				PRODUCT_BUNDLE_IDENTIFIER = com.lockstudio.duochinesecheckers;
				PRODUCT_NAME = "Duo Chinese Checkers";
				SDKROOT = appletvos;
				SUPPORTED_PLATFORMS = "appletvos appletvsimulator";
				SWIFT_VERSION = 6.0;
				TARGETED_DEVICE_FAMILY = 3;
				TVOS_DEPLOYMENT_TARGET = 17.0;
			};
			name = Debug;
		};
		E917905C2F36CB8180311A38 /* Release */ = {
			isa = XCBuildConfiguration;
			buildSettings = {
				ASSETCATALOG_COMPILER_APPICON_NAME = AppIcon;
				ASSETCATALOG_COMPILER_GLOBAL_ACCENT_COLOR_NAME = AccentColor;
				CODE_SIGN_ENTITLEMENTS = "Shared/Entitlements/ChineseChecker-macOS.entitlements";
				CODE_SIGN_STYLE = Automatic;
				COMBINE_HIDPI_IMAGES = YES;
				CURRENT_PROJECT_VERSION = 1;
				DEVELOPMENT_TEAM = AK2DM5M5FX;
				ENABLE_PREVIEWS = YES;
				GENERATE_INFOPLIST_FILE = YES;
				INFOPLIST_KEY_CFBundleDisplayName = "Duo Chinese Checkers";
				INFOPLIST_KEY_LSApplicationCategoryType = "public.app-category.games";
				LD_RUNPATH_SEARCH_PATHS = "$(inherited) @executable_path/../Frameworks";
				MACOSX_DEPLOYMENT_TARGET = 14.0;
				MARKETING_VERSION = 1.0;
				PRODUCT_BUNDLE_IDENTIFIER = com.lockstudio.duochinesecheckers;
				PRODUCT_NAME = "Duo Chinese Checkers";
				SDKROOT = macosx;
				SUPPORTED_PLATFORMS = macosx;
				SWIFT_VERSION = 6.0;
				TARGETED_DEVICE_FAMILY = "";
			};
			name = Release;
		};
		EA8A1BF4D221EEB849CCE340 /* Release */ = {
			isa = XCBuildConfiguration;
			buildSettings = {
				ALWAYS_SEARCH_USER_PATHS = NO;
				CLANG_ANALYZER_NONNULL = YES;
				CLANG_ANALYZER_NUMBER_OBJECT_CONVERSION = YES_AGGRESSIVE;
				CLANG_CXX_LANGUAGE_STANDARD = "gnu++14";
				CLANG_CXX_LIBRARY = "libc++";
				CLANG_ENABLE_MODULES = YES;
				CLANG_ENABLE_OBJC_ARC = YES;
				CLANG_ENABLE_OBJC_WEAK = YES;
				CLANG_WARN_BLOCK_CAPTURE_AUTORELEASING = YES;
				CLANG_WARN_BOOL_CONVERSION = YES;
				CLANG_WARN_COMMA = YES;
				CLANG_WARN_CONSTANT_CONVERSION = YES;
				CLANG_WARN_DEPRECATED_OBJC_IMPLEMENTATIONS = YES;
				CLANG_WARN_DIRECT_OBJC_ISA_USAGE = YES_ERROR;
				CLANG_WARN_DOCUMENTATION_COMMENTS = YES;
				CLANG_WARN_EMPTY_BODY = YES;
				CLANG_WARN_ENUM_CONVERSION = YES;
				CLANG_WARN_INFINITE_RECURSION = YES;
				CLANG_WARN_INT_CONVERSION = YES;
				CLANG_WARN_NON_LITERAL_NULL_CONVERSION = YES;
				CLANG_WARN_OBJC_IMPLICIT_RETAIN_SELF = YES;
				CLANG_WARN_OBJC_LITERAL_CONVERSION = YES;
				CLANG_WARN_OBJC_ROOT_CLASS = YES_ERROR;
				CLANG_WARN_QUOTED_INCLUDE_IN_FRAMEWORK_HEADER = YES;
				CLANG_WARN_RANGE_LOOP_ANALYSIS = YES;
				CLANG_WARN_STRICT_PROTOTYPES = YES;
				CLANG_WARN_SUSPICIOUS_MOVE = YES;
				CLANG_WARN_UNGUARDED_AVAILABILITY = YES_AGGRESSIVE;
				CLANG_WARN_UNREACHABLE_CODE = YES;
				CLANG_WARN__DUPLICATE_METHOD_MATCH = YES;
				COPY_PHASE_STRIP = NO;
				DEBUG_INFORMATION_FORMAT = "dwarf-with-dsym";
				ENABLE_NS_ASSERTIONS = NO;
				ENABLE_STRICT_OBJC_MSGSEND = YES;
				GCC_C_LANGUAGE_STANDARD = gnu11;
				GCC_NO_COMMON_BLOCKS = YES;
				GCC_WARN_64_TO_32_BIT_CONVERSION = YES;
				GCC_WARN_ABOUT_RETURN_TYPE = YES_ERROR;
				GCC_WARN_UNDECLARED_SELECTOR = YES;
				GCC_WARN_UNINITIALIZED_AUTOS = YES_AGGRESSIVE;
				GCC_WARN_UNUSED_FUNCTION = YES;
				GCC_WARN_UNUSED_VARIABLE = YES;
				MTL_ENABLE_DEBUG_INFO = NO;
				MTL_FAST_MATH = YES;
				PRODUCT_NAME = "$(TARGET_NAME)";
				SWIFT_COMPILATION_MODE = wholemodule;
				SWIFT_OPTIMIZATION_LEVEL = "-O";
				SWIFT_VERSION = 5.0;
			};
			name = Release;
		};
		F943EB4FE3B8E705E7670D3B /* Release */ = {
			isa = XCBuildConfiguration;
			buildSettings = {
				ASSETCATALOG_COMPILER_APPICON_NAME = AppIconVision;
				ASSETCATALOG_COMPILER_GLOBAL_ACCENT_COLOR_NAME = AccentColor;
				CODE_SIGN_STYLE = Automatic;
				CURRENT_PROJECT_VERSION = 1;
				DEVELOPMENT_TEAM = AK2DM5M5FX;
				ENABLE_PREVIEWS = YES;
				GENERATE_INFOPLIST_FILE = YES;
				INFOPLIST_KEY_CFBundleDisplayName = "Duo Chinese Checkers";
				INFOPLIST_KEY_LSApplicationCategoryType = "public.app-category.games";
				INFOPLIST_KEY_UISupportedInterfaceOrientations = "UIInterfaceOrientationLandscapeLeft UIInterfaceOrientationLandscapeRight";
				MARKETING_VERSION = 1.0;
				PRODUCT_BUNDLE_IDENTIFIER = com.lockstudio.duochinesecheckers;
				PRODUCT_NAME = "Duo Chinese Checkers";
				SDKROOT = xros;
				SUPPORTED_PLATFORMS = "xros xrsimulator";
				SWIFT_VERSION = 6.0;
				TARGETED_DEVICE_FAMILY = 7;
				XROS_DEPLOYMENT_TARGET = 1.0;
			};
			name = Release;
		};
/* End XCBuildConfiguration section */

/* Begin XCConfigurationList section */
		201D61C540C6252A4102DFC4 /* Build configuration list for PBXNativeTarget "ChineseChecker visionOS" */ = {
			isa = XCConfigurationList;
			buildConfigurations = (
				F943EB4FE3B8E705E7670D3B /* Release */,
				B6AB88DB14FB87F0F69F1CE5 /* Debug */,
			);
			defaultConfigurationIsVisible = 0;
			defaultConfigurationName = Release;
		};
		32450612E91B82B3ACE60896 /* Build configuration list for PBXNativeTarget "ChineseChecker tvOS" */ = {
			isa = XCConfigurationList;
			buildConfigurations = (
				C75D5A2DC1A1E6B9E956D73C /* Release */,
				D3BA3409ED10BC8D68E0E741 /* Debug */,
			);
			defaultConfigurationIsVisible = 0;
			defaultConfigurationName = Release;
		};
		3B7A12F824F1B5DD3797469D /* Build configuration list for PBXProject "ChineseChecker" */ = {
			isa = XCConfigurationList;
			buildConfigurations = (
				02D711B115A81B32C0C6A05B /* Debug */,
				EA8A1BF4D221EEB849CCE340 /* Release */,
			);
			defaultConfigurationIsVisible = 0;
			defaultConfigurationName = Release;
		};
		46EB132657084E853ADE97C5 /* Build configuration list for PBXNativeTarget "ChineseChecker iOS" */ = {
			isa = XCConfigurationList;
			buildConfigurations = (
				3FB0951F4919CE6F49E59833 /* Release */,
				5A4AC9DCD0EE5BFF2332C60F /* Debug */,
			);
			defaultConfigurationIsVisible = 0;
			defaultConfigurationName = Release;
		};
		8141291B7FFE83AAA5BEF37C /* Build configuration list for PBXNativeTarget "ChineseChecker macOS" */ = {
			isa = XCConfigurationList;
			buildConfigurations = (
				E917905C2F36CB8180311A38 /* Release */,
				05C8E4E971C5376B31025B9A /* Debug */,
			);
			defaultConfigurationIsVisible = 0;
			defaultConfigurationName = Release;
		};
		C8714BBEDF69D1E4C04BF42F /* Build configuration list for PBXNativeTarget "ChineseChecker Lite iOS" */ = {
			isa = XCConfigurationList;
			buildConfigurations = (
				71FFF79E0BC52FACDC5E945F /* Release */,
				4CF8345E029F4020BF7DC033 /* Debug */,
			);
			defaultConfigurationIsVisible = 0;
			defaultConfigurationName = Release;
		};
/* End XCConfigurationList section */

/* Begin XCRemoteSwiftPackageReference section */
		FA53DD759C996BC01F39888C /* XCRemoteSwiftPackageReference "swift-package-manager-google-mobile-ads" */ = {
			isa = XCRemoteSwiftPackageReference;
			repositoryURL = "https://github.com/googleads/swift-package-manager-google-mobile-ads.git";
			requirement = {
				kind = upToNextMajorVersion;
				minimumVersion = 13.6.0;
			};
		};
/* End XCRemoteSwiftPackageReference section */

/* Begin XCSwiftPackageProductDependency section */
		9CE45CF04AB8E47B160A43E8 /* GoogleMobileAds */ = {
			isa = XCSwiftPackageProductDependency;
			package = FA53DD759C996BC01F39888C /* XCRemoteSwiftPackageReference "swift-package-manager-google-mobile-ads" */;
			productName = GoogleMobileAds;
		};
/* End XCSwiftPackageProductDependency section */
	};
	rootObject = 741A8CCEDE5B63ED2B8360B3 /* Project object */;
}
